// !$*UTF8*$!
{
	archiveVersion = 1;
	classes = {
	};
	objectVersion = 46;
	objects = {

/* Begin PBXBuildFile section */
		513A1FB61DCA287A0075D8CE /* btree_mgr.c in Sources */ = {isa = PBXBuildFile; fileRef = 513A1F9C1DCA287A0075D8CE /* btree_mgr.c */; };
		513A1FB71DCA287A0075D8CE /* buffer_mgr_stat.c in Sources */ = {isa = PBXBuildFile; fileRef = 513A1F9E1DCA287A0075D8CE /* buffer_mgr_stat.c */; };
		513A1FB81DCA287A0075D8CE /* buffer_mgr.c in Sources */ = {isa = PBXBuildFile; fileRef = 513A1FA01DCA287A0075D8CE /* buffer_mgr.c */; };
		513A1FB91DCA287A0075D8CE /* dberror.c in Sources */ = {isa = PBXBuildFile; fileRef = 513A1FA21DCA287A0075D8CE /* dberror.c */; };
		513A1FBA1DCA287A0075D8CE /* expr.c in Sources */ = {isa = PBXBuildFile; fileRef = 513A1FA51DCA287A0075D8CE /* expr.c */; };
		513A1FBB1DCA287A0075D8CE /* Makefile in Sources */ = {isa = PBXBuildFile; fileRef = 513A1FA71DCA287A0075D8CE /* Makefile */; };
		513A1FBC1DCA287A0075D8CE /* README.md in Sources */ = {isa = PBXBuildFile; fileRef = 513A1FA81DCA287A0075D8CE /* README.md */; };
		513A1FBD1DCA287A0075D8CE /* record_mgr.c in Sources */ = {isa = PBXBuildFile; fileRef = 513A1FAD1DCA287A0075D8CE /* record_mgr.c */; };
		513A1FBE1DCA287A0075D8CE /* rm_serializer.c in Sources */ = {isa = PBXBuildFile; fileRef = 513A1FAF1DCA287A0075D8CE /* rm_serializer.c */; };
		513A1FBF1DCA287A0075D8CE /* storage_mgr.c in Sources */ = {isa = PBXBuildFile; fileRef = 513A1FB01DCA287A0075D8CE /* storage_mgr.c */; };
		513A1FC01DCA287A0075D8CE /* test_assign3_1.c in Sources */ = {isa = PBXBuildFile; fileRef = 513A1FB31DCA287A0075D8CE /* test_assign3_1.c */; };
		513A1FC11DCA287A0075D8CE /* test_expr.c in Sources */ = {isa = PBXBuildFile; fileRef = 513A1FB41DCA287A0075D8CE /* test_expr.c */; };
/* End PBXBuildFile section */

/* Begin PBXCopyFilesBuildPhase section */
		513A1F901DCA27990075D8CE /* CopyFiles */ = {
			isa = PBXCopyFilesBuildPhase;
			buildActionMask = 2147483647;
			dstPath = /usr/share/man/man1/;
			dstSubfolderSpec = 0;
			files = (
			);
			runOnlyForDeploymentPostprocessing = 1;
		};
/* End PBXCopyFilesBuildPhase section */

/* Begin PBXFileReference section */
		513A1F921DCA27990075D8CE /* Database */ = {isa = PBXFileReference; explicitFileType = "compiled.mach-o.executable"; includeInIndex = 0; path = Database; sourceTree = BUILT_PRODUCTS_DIR; };
		513A1F9C1DCA287A0075D8CE /* btree_mgr.c */ = {isa = PBXFileReference; fileEncoding = 4; lastKnownFileType = sourcecode.c.c; name = btree_mgr.c; path = ../../btree_mgr.c; sourceTree = "<group>"; };
		513A1F9D1DCA287A0075D8CE /* btree_mgr.h */ = {isa = PBXFileReference; fileEncoding = 4; lastKnownFileType = sourcecode.c.h; name = btree_mgr.h; path = ../../btree_mgr.h; sourceTree = "<group>"; };
		513A1F9E1DCA287A0075D8CE /* buffer_mgr_stat.c */ = {isa = PBXFileReference; fileEncoding = 4; lastKnownFileType = sourcecode.c.c; name = buffer_mgr_stat.c; path = ../../buffer_mgr_stat.c; sourceTree = "<group>"; };
		513A1F9F1DCA287A0075D8CE /* buffer_mgr_stat.h */ = {isa = PBXFileReference; fileEncoding = 4; lastKnownFileType = sourcecode.c.h; name = buffer_mgr_stat.h; path = ../../buffer_mgr_stat.h; sourceTree = "<group>"; };
		513A1FA01DCA287A0075D8CE /* buffer_mgr.c */ = {isa = PBXFileReference; fileEncoding = 4; lastKnownFileType = sourcecode.c.c; name = buffer_mgr.c; path = ../../buffer_mgr.c; sourceTree = "<group>"; };
		513A1FA11DCA287A0075D8CE /* buffer_mgr.h */ = {isa = PBXFileReference; fileEncoding = 4; lastKnownFileType = sourcecode.c.h; name = buffer_mgr.h; path = ../../buffer_mgr.h; sourceTree = "<group>"; };
		513A1FA21DCA287A0075D8CE /* dberror.c */ = {isa = PBXFileReference; fileEncoding = 4; lastKnownFileType = sourcecode.c.c; name = dberror.c; path = ../../dberror.c; sourceTree = "<group>"; };
		513A1FA31DCA287A0075D8CE /* dberror.h */ = {isa = PBXFileReference; fileEncoding = 4; lastKnownFileType = sourcecode.c.h; name = dberror.h; path = ../../dberror.h; sourceTree = "<group>"; };
		513A1FA41DCA287A0075D8CE /* dt.h */ = {isa = PBXFileReference; fileEncoding = 4; lastKnownFileType = sourcecode.c.h; name = dt.h; path = ../../dt.h; sourceTree = "<group>"; };
		513A1FA51DCA287A0075D8CE /* expr.c */ = {isa = PBXFileReference; fileEncoding = 4; lastKnownFileType = sourcecode.c.c; name = expr.c; path = ../../expr.c; sourceTree = "<group>"; };
		513A1FA61DCA287A0075D8CE /* expr.h */ = {isa = PBXFileReference; fileEncoding = 4; lastKnownFileType = sourcecode.c.h; name = expr.h; path = ../../expr.h; sourceTree = "<group>"; };
		513A1FA71DCA287A0075D8CE /* Makefile */ = {isa = PBXFileReference; fileEncoding = 4; lastKnownFileType = sourcecode.make; name = Makefile; path = ../../Makefile; sourceTree = "<group>"; };
		513A1FA81DCA287A0075D8CE /* README.md */ = {isa = PBXFileReference; fileEncoding = 4; lastKnownFileType = net.daringfireball.markdown; name = README.md; path = ../../README.md; sourceTree = "<group>"; };
		513A1FA91DCA287A0075D8CE /* ReadMeBtreeImplementationAss_4 */ = {isa = PBXFileReference; fileEncoding = 4; lastKnownFileType = text; name = ReadMeBtreeImplementationAss_4; path = ../../ReadMeBtreeImplementationAss_4; sourceTree = "<group>"; };
		513A1FAA1DCA287A0075D8CE /* ReadMeBufferMgrAss_2 */ = {isa = PBXFileReference; fileEncoding = 4; lastKnownFileType = text; name = ReadMeBufferMgrAss_2; path = ../../ReadMeBufferMgrAss_2; sourceTree = "<group>"; };
		513A1FAB1DCA287A0075D8CE /* ReadMeRecordMgrAss_3 */ = {isa = PBXFileReference; fileEncoding = 4; lastKnownFileType = text; name = ReadMeRecordMgrAss_3; path = ../../ReadMeRecordMgrAss_3; sourceTree = "<group>"; };
		513A1FAC1DCA287A0075D8CE /* ReadMeStorageMgrAss_1 */ = {isa = PBXFileReference; fileEncoding = 4; lastKnownFileType = text; name = ReadMeStorageMgrAss_1; path = ../../ReadMeStorageMgrAss_1; sourceTree = "<group>"; };
		513A1FAD1DCA287A0075D8CE /* record_mgr.c */ = {isa = PBXFileReference; fileEncoding = 4; lastKnownFileType = sourcecode.c.c; name = record_mgr.c; path = ../../record_mgr.c; sourceTree = "<group>"; };
		513A1FAE1DCA287A0075D8CE /* record_mgr.h */ = {isa = PBXFileReference; fileEncoding = 4; lastKnownFileType = sourcecode.c.h; name = record_mgr.h; path = ../../record_mgr.h; sourceTree = "<group>"; };
		513A1FAF1DCA287A0075D8CE /* rm_serializer.c */ = {isa = PBXFileReference; fileEncoding = 4; lastKnownFileType = sourcecode.c.c; name = rm_serializer.c; path = ../../rm_serializer.c; sourceTree = "<group>"; };
		513A1FB01DCA287A0075D8CE /* storage_mgr.c */ = {isa = PBXFileReference; fileEncoding = 4; lastKnownFileType = sourcecode.c.c; name = storage_mgr.c; path = ../../storage_mgr.c; sourceTree = "<group>"; };
		513A1FB11DCA287A0075D8CE /* storage_mgr.h */ = {isa = PBXFileReference; fileEncoding = 4; lastKnownFileType = sourcecode.c.h; name = storage_mgr.h; path = ../../storage_mgr.h; sourceTree = "<group>"; };
		513A1FB21DCA287A0075D8CE /* tables.h */ = {isa = PBXFileReference; fileEncoding = 4; lastKnownFileType = sourcecode.c.h; name = tables.h; path = ../../tables.h; sourceTree = "<group>"; };
		513A1FB31DCA287A0075D8CE /* test_assign3_1.c */ = {isa = PBXFileReference; fileEncoding = 4; lastKnownFileType = sourcecode.c.c; name = test_assign3_1.c; path = ../../test_assign3_1.c; sourceTree = "<group>"; };
		513A1FB41DCA287A0075D8CE /* test_expr.c */ = {isa = PBXFileReference; fileEncoding = 4; lastKnownFileType = sourcecode.c.c; name = test_expr.c; path = ../../test_expr.c; sourceTree = "<group>"; };
		513A1FB51DCA287A0075D8CE /* test_helper.h */ = {isa = PBXFileReference; fileEncoding = 4; lastKnownFileType = sourcecode.c.h; name = test_helper.h; path = ../../test_helper.h; sourceTree = "<group>"; };
/* End PBXFileReference section */

/* Begin PBXFrameworksBuildPhase section */
		513A1F8F1DCA27990075D8CE /* Frameworks */ = {
			isa = PBXFrameworksBuildPhase;
			buildActionMask = 2147483647;
			files = (
			);
			runOnlyForDeploymentPostprocessing = 0;
		};
/* End PBXFrameworksBuildPhase section */

/* Begin PBXGroup section */
		513A1F891DCA27990075D8CE = {
			isa = PBXGroup;
			children = (
				513A1F941DCA27990075D8CE /* Database */,
				513A1F931DCA27990075D8CE /* Products */,
			);
			sourceTree = "<group>";
		};
		513A1F931DCA27990075D8CE /* Products */ = {
			isa = PBXGroup;
			children = (
				513A1F921DCA27990075D8CE /* Database */,
			);
			name = Products;
			sourceTree = "<group>";
		};
		513A1F941DCA27990075D8CE /* Database */ = {
			isa = PBXGroup;
			children = (
				513A1F9C1DCA287A0075D8CE /* btree_mgr.c */,
				513A1F9D1DCA287A0075D8CE /* btree_mgr.h */,
				513A1F9E1DCA287A0075D8CE /* buffer_mgr_stat.c */,
				513A1F9F1DCA287A0075D8CE /* buffer_mgr_stat.h */,
				513A1FA01DCA287A0075D8CE /* buffer_mgr.c */,
				513A1FA11DCA287A0075D8CE /* buffer_mgr.h */,
				513A1FA21DCA287A0075D8CE /* dberror.c */,
				513A1FA31DCA287A0075D8CE /* dberror.h */,
				513A1FA41DCA287A0075D8CE /* dt.h */,
				513A1FA51DCA287A0075D8CE /* expr.c */,
				513A1FA61DCA287A0075D8CE /* expr.h */,
				513A1FA71DCA287A0075D8CE /* Makefile */,
				513A1FA81DCA287A0075D8CE /* README.md */,
				513A1FA91DCA287A0075D8CE /* ReadMeBtreeImplementationAss_4 */,
				513A1FAA1DCA287A0075D8CE /* ReadMeBufferMgrAss_2 */,
				513A1FAB1DCA287A0075D8CE /* ReadMeRecordMgrAss_3 */,
				513A1FAC1DCA287A0075D8CE /* ReadMeStorageMgrAss_1 */,
				513A1FAD1DCA287A0075D8CE /* record_mgr.c */,
				513A1FAE1DCA287A0075D8CE /* record_mgr.h */,
				513A1FAF1DCA287A0075D8CE /* rm_serializer.c */,
				513A1FB01DCA287A0075D8CE /* storage_mgr.c */,
				513A1FB11DCA287A0075D8CE /* storage_mgr.h */,
				513A1FB21DCA287A0075D8CE /* tables.h */,
				513A1FB31DCA287A0075D8CE /* test_assign3_1.c */,
				513A1FB41DCA287A0075D8CE /* test_expr.c */,
				513A1FB51DCA287A0075D8CE /* test_helper.h */,
			);
			path = Database;
			sourceTree = "<group>";
		};
/* End PBXGroup section */

/* Begin PBXNativeTarget section */
		513A1F911DCA27990075D8CE /* Database */ = {
			isa = PBXNativeTarget;
			buildConfigurationList = 513A1F991DCA27990075D8CE /* Build configuration list for PBXNativeTarget "Database" */;
			buildPhases = (
				513A1F8E1DCA27990075D8CE /* Sources */,
				513A1F8F1DCA27990075D8CE /* Frameworks */,
				513A1F901DCA27990075D8CE /* CopyFiles */,
			);
			buildRules = (
			);
			dependencies = (
			);
			name = Database;
			productName = Database;
			productReference = 513A1F921DCA27990075D8CE /* Database */;
			productType = "com.apple.product-type.tool";
		};
/* End PBXNativeTarget section */

/* Begin PBXProject section */
		513A1F8A1DCA27990075D8CE /* Project object */ = {
			isa = PBXProject;
			attributes = {
				LastUpgradeCheck = 0820;
				ORGANIZATIONNAME = "Anand Narasimhamurthy";
				TargetAttributes = {
					513A1F911DCA27990075D8CE = {
						CreatedOnToolsVersion = 8.2;
						ProvisioningStyle = Automatic;
					};
				};
			};
			buildConfigurationList = 513A1F8D1DCA27990075D8CE /* Build configuration list for PBXProject "Database" */;
			compatibilityVersion = "Xcode 3.2";
			developmentRegion = English;
			hasScannedForEncodings = 0;
			knownRegions = (
				en,
			);
			mainGroup = 513A1F891DCA27990075D8CE;
			productRefGroup = 513A1F931DCA27990075D8CE /* Products */;
			projectDirPath = "";
			projectRoot = "";
			targets = (
				513A1F911DCA27990075D8CE /* Database */,
			);
		};
/* End PBXProject section */

/* Begin PBXSourcesBuildPhase section */
		513A1F8E1DCA27990075D8CE /* Sources */ = {
			isa = PBXSourcesBuildPhase;
			buildActionMask = 2147483647;
			files = (
				513A1FB81DCA287A0075D8CE /* buffer_mgr.c in Sources */,
				513A1FBD1DCA287A0075D8CE /* record_mgr.c in Sources */,
				513A1FB91DCA287A0075D8CE /* dberror.c in Sources */,
				513A1FC11DCA287A0075D8CE /* test_expr.c in Sources */,
				513A1FB71DCA287A0075D8CE /* buffer_mgr_stat.c in Sources */,
				513A1FBA1DCA287A0075D8CE /* expr.c in Sources */,
				513A1FBF1DCA287A0075D8CE /* storage_mgr.c in Sources */,
				513A1FBE1DCA287A0075D8CE /* rm_serializer.c in Sources */,
				513A1FC01DCA287A0075D8CE /* test_assign3_1.c in Sources */,
				513A1FBB1DCA287A0075D8CE /* Makefile in Sources */,
				513A1FBC1DCA287A0075D8CE /* README.md in Sources */,
				513A1FB61DCA287A0075D8CE /* btree_mgr.c in Sources */,
			);
			runOnlyForDeploymentPostprocessing = 0;
		};
/* End PBXSourcesBuildPhase section */

/* Begin XCBuildConfiguration section */
		513A1F971DCA27990075D8CE /* Debug */ = {
			isa = XCBuildConfiguration;
			buildSettings = {
				ALWAYS_SEARCH_USER_PATHS = NO;
				CLANG_ANALYZER_NONNULL = YES;
				CLANG_CXX_LANGUAGE_STANDARD = "gnu++0x";
				CLANG_CXX_LIBRARY = "libc++";
				CLANG_ENABLE_MODULES = YES;
				CLANG_ENABLE_OBJC_ARC = YES;
				CLANG_WARN_BOOL_CONVERSION = YES;
				CLANG_WARN_CONSTANT_CONVERSION = YES;
				CLANG_WARN_DIRECT_OBJC_ISA_USAGE = YES_ERROR;
				CLANG_WARN_DOCUMENTATION_COMMENTS = YES;
				CLANG_WARN_EMPTY_BODY = YES;
				CLANG_WARN_ENUM_CONVERSION = YES;
				CLANG_WARN_INFINITE_RECURSION = YES;
				CLANG_WARN_INT_CONVERSION = YES;
				CLANG_WARN_OBJC_ROOT_CLASS = YES_ERROR;
				CLANG_WARN_SUSPICIOUS_MOVE = YES;
				CLANG_WARN_UNREACHABLE_CODE = YES;
				CLANG_WARN__DUPLICATE_METHOD_MATCH = YES;
				CODE_SIGN_IDENTITY = "-";
				COPY_PHASE_STRIP = NO;
				DEBUG_INFORMATION_FORMAT = dwarf;
				ENABLE_STRICT_OBJC_MSGSEND = YES;
				ENABLE_TESTABILITY = YES;
				GCC_C_LANGUAGE_STANDARD = gnu99;
				GCC_DYNAMIC_NO_PIC = NO;
				GCC_NO_COMMON_BLOCKS = YES;
				GCC_OPTIMIZATION_LEVEL = 0;
				GCC_PREPROCESSOR_DEFINITIONS = (
					"DEBUG=1",
					"$(inherited)",
				);
				GCC_WARN_64_TO_32_BIT_CONVERSION = YES;
				GCC_WARN_ABOUT_RETURN_TYPE = YES_ERROR;
				GCC_WARN_UNDECLARED_SELECTOR = YES;
				GCC_WARN_UNINITIALIZED_AUTOS = YES_AGGRESSIVE;
				GCC_WARN_UNUSED_FUNCTION = YES;
				GCC_WARN_UNUSED_VARIABLE = YES;
				MACOSX_DEPLOYMENT_TARGET = 10.12;
				MTL_ENABLE_DEBUG_INFO = YES;
				ONLY_ACTIVE_ARCH = YES;
				SDKROOT = macosx;
			};
			name = Debug;
		};
		513A1F981DCA27990075D8CE /* Release */ = {
			isa = XCBuildConfiguration;
			buildSettings = {
				ALWAYS_SEARCH_USER_PATHS = NO;
				CLANG_ANALYZER_NONNULL = YES;
				CLANG_CXX_LANGUAGE_STANDARD = "gnu++0x";
				CLANG_CXX_LIBRARY = "libc++";
				CLANG_ENABLE_MODULES = YES;
				CLANG_ENABLE_OBJC_ARC = YES;
				CLANG_WARN_BOOL_CONVERSION = YES;
				CLANG_WARN_CONSTANT_CONVERSION = YES;
				CLANG_WARN_DIRECT_OBJC_ISA_USAGE = YES_ERROR;
				CLANG_WARN_DOCUMENTATION_COMMENTS = YES;
				CLANG_WARN_EMPTY_BODY = YES;
				CLANG_WARN_ENUM_CONVERSION = YES;
				CLANG_WARN_INFINITE_RECURSION = YES;
				CLANG_WARN_INT_CONVERSION = YES;
				CLANG_WARN_OBJC_ROOT_CLASS = YES_ERROR;
				CLANG_WARN_SUSPICIOUS_MOVE = YES;
				CLANG_WARN_UNREACHABLE_CODE = YES;
				CLANG_WARN__DUPLICATE_METHOD_MATCH = YES;
				CODE_SIGN_IDENTITY = "-";
				COPY_PHASE_STRIP = NO;
				DEBUG_INFORMATION_FORMAT = "dwarf-with-dsym";
				ENABLE_NS_ASSERTIONS = NO;
				ENABLE_STRICT_OBJC_MSGSEND = YES;
				GCC_C_LANGUAGE_STANDARD = gnu99;
				GCC_NO_COMMON_BLOCKS = YES;
				GCC_WARN_64_TO_32_BIT_CONVERSION = YES;
				GCC_WARN_ABOUT_RETURN_TYPE = YES_ERROR;
				GCC_WARN_UNDECLARED_SELECTOR = YES;
				GCC_WARN_UNINITIALIZED_AUTOS = YES_AGGRESSIVE;
				GCC_WARN_UNUSED_FUNCTION = YES;
				GCC_WARN_UNUSED_VARIABLE = YES;
				MACOSX_DEPLOYMENT_TARGET = 10.12;
				MTL_ENABLE_DEBUG_INFO = NO;
				SDKROOT = macosx;
			};
			name = Release;
		};
		513A1F9A1DCA27990075D8CE /* Debug */ = {
			isa = XCBuildConfiguration;
			buildSettings = {
				PRODUCT_NAME = "$(TARGET_NAME)";
			};
			name = Debug;
		};
		513A1F9B1DCA27990075D8CE /* Release */ = {
			isa = XCBuildConfiguration;
			buildSettings = {
				PRODUCT_NAME = "$(TARGET_NAME)";
			};
			name = Release;
		};
/* End XCBuildConfiguration section */

/* Begin XCConfigurationList section */
		513A1F8D1DCA27990075D8CE /* Build configuration list for PBXProject "Database" */ = {
			isa = XCConfigurationList;
			buildConfigurations = (
				513A1F971DCA27990075D8CE /* Debug */,
				513A1F981DCA27990075D8CE /* Release */,
			);
			defaultConfigurationIsVisible = 0;
			defaultConfigurationName = Release;
		};
		513A1F991DCA27990075D8CE /* Build configuration list for PBXNativeTarget "Database" */ = {
			isa = XCConfigurationList;
			buildConfigurations = (
				513A1F9A1DCA27990075D8CE /* Debug */,
				513A1F9B1DCA27990075D8CE /* Release */,
			);
			defaultConfigurationIsVisible = 0;
		};
/* End XCConfigurationList section */
	};
	rootObject = 513A1F8A1DCA27990075D8CE /* Project object */;
}
